
Microsoft Visual Studio Solution File, Format Version 12.00
# Visual Studio Version 16
VisualStudioVersion = 16.0.31025.194
MinimumVisualStudioVersion = 10.0.40219.1
Project("{FAE04EC0-301F-11D3-BF4B-00C04F79EFBC}") = "Budzet_domowy", "Budzet_domowy\Budzet_domowy.csproj", "{07CB7034-D9CB-4570-8BDB-F80C95831ADA}"
EndProject
Global
	GlobalSection(SolutionConfigurationPlatforms) = preSolution
		Debug|Any CPU = Debug|Any CPU
		Release|Any CPU = Release|Any CPU
	EndGlobalSection
	GlobalSection(ProjectConfigurationPlatforms) = postSolution
		{07CB7034-D9CB-4570-8BDB-F80C95831ADA}.Debug|Any CPU.ActiveCfg = Debug|Any CPU
		{07CB7034-D9CB-4570-8BDB-F80C95831ADA}.Debug|Any CPU.Build.0 = Debug|Any CPU
		{07CB7034-D9CB-4570-8BDB-F80C95831ADA}.Release|Any CPU.ActiveCfg = Release|Any CPU
		{07CB7034-D9CB-4570-8BDB-F80C95831ADA}.Release|Any CPU.Build.0 = Release|Any CPU
	EndGlobalSection
	GlobalSection(SolutionProperties) = preSolution
		HideSolutionNode = FALSE
	EndGlobalSection
	GlobalSection(ExtensibilityGlobals) = postSolution
		SolutionGuid = {05E6F8BF-4224-4B38-A965-5C195B716777}
	EndGlobalSection
EndGlobal
